
Microsoft Visual Studio Solution File, Format Version 12.00
# Visual Studio Version 16
VisualStudioVersion = 16.0.31727.386
MinimumVisualStudioVersion = 10.0.40219.1
Project("{FAE04EC0-301F-11D3-BF4B-00C04F79EFBC}") = "matchingGame", "matchingGame\matchingGame.csproj", "{8E60AE40-8FC0-4370-8D53-5547174D2CCF}"
EndProject
Global
	GlobalSection(SolutionConfigurationPlatforms) = preSolution
		Debug|Any CPU = Debug|Any CPU
		Release|Any CPU = Release|Any CPU
	EndGlobalSection
	GlobalSection(ProjectConfigurationPlatforms) = postSolution
		{8E60AE40-8FC0-4370-8D53-5547174D2CCF}.Debug|Any CPU.ActiveCfg = Debug|Any CPU
		{8E60AE40-8FC0-4370-8D53-5547174D2CCF}.Debug|Any CPU.Build.0 = Debug|Any CPU
		{8E60AE40-8FC0-4370-8D53-5547174D2CCF}.Release|Any CPU.ActiveCfg = Release|Any CPU
		{8E60AE40-8FC0-4370-8D53-5547174D2CCF}.Release|Any CPU.Build.0 = Release|Any CPU
	EndGlobalSection
	GlobalSection(SolutionProperties) = preSolution
		HideSolutionNode = FALSE
	EndGlobalSection
	GlobalSection(ExtensibilityGlobals) = postSolution
		SolutionGuid = {FD8899C9-F30C-49B1-9B36-15CB5CE2FCBB}
	EndGlobalSection
EndGlobal
